// !$*UTF8*$!
{
	archiveVersion = 1;
	classes = {
	};
	objectVersion = 56;
	objects = {

/* Begin PBXBuildFile section */
		D3DB10952C7004FC00AA856C /* McFitSwiftApp.swift in Sources */ = {isa = PBXBuildFile; fileRef = D3DB10942C7004FC00AA856C /* McFitSwiftApp.swift */; };
		D3DB10972C7004FC00AA856C /* ContentView.swift in Sources */ = {isa = PBXBuildFile; fileRef = D3DB10962C7004FC00AA856C /* ContentView.swift */; };
		D3DB10992C7004FE00AA856C /* Assets.xcassets in Resources */ = {isa = PBXBuildFile; fileRef = D3DB10982C7004FE00AA856C /* Assets.xcassets */; };
		D3DB109C2C7004FE00AA856C /* Preview Assets.xcassets in Resources */ = {isa = PBXBuildFile; fileRef = D3DB109B2C7004FE00AA856C /* Preview Assets.xcassets */; };
		D3DB10A62C7004FE00AA856C /* McFitSwiftTests.swift in Sources */ = {isa = PBXBuildFile; fileRef = D3DB10A52C7004FE00AA856C /* McFitSwiftTests.swift */; };
		D3DB10B02C7004FE00AA856C /* McFitSwiftUITests.swift in Sources */ = {isa = PBXBuildFile; fileRef = D3DB10AF2C7004FE00AA856C /* McFitSwiftUITests.swift */; };
		D3DB10B22C7004FE00AA856C /* McFitSwiftUITestsLaunchTests.swift in Sources */ = {isa = PBXBuildFile; fileRef = D3DB10B12C7004FE00AA856C /* McFitSwiftUITestsLaunchTests.swift */; };
/* End PBXBuildFile section */

/* Begin PBXContainerItemProxy section */
		D3DB10A22C7004FE00AA856C /* PBXContainerItemProxy */ = {
			isa = PBXContainerItemProxy;
			containerPortal = D3DB10892C7004FB00AA856C /* Project object */;
			proxyType = 1;
			remoteGlobalIDString = D3DB10902C7004FC00AA856C;
			remoteInfo = McFitSwift;
		};
		D3DB10AC2C7004FE00AA856C /* PBXContainerItemProxy */ = {
			isa = PBXContainerItemProxy;
			containerPortal = D3DB10892C7004FB00AA856C /* Project object */;
			proxyType = 1;
			remoteGlobalIDString = D3DB10902C7004FC00AA856C;
			remoteInfo = McFitSwift;
		};
/* End PBXContainerItemProxy section */

/* Begin PBXFileReference section */
		D3DB10912C7004FC00AA856C /* McFitSwift.app */ = {isa = PBXFileReference; explicitFileType = wrapper.application; includeInIndex = 0; path = McFitSwift.app; sourceTree = BUILT_PRODUCTS_DIR; };
		D3DB10942C7004FC00AA856C /* McFitSwiftApp.swift */ = {isa = PBXFileReference; lastKnownFileType = sourcecode.swift; path = McFitSwiftApp.swift; sourceTree = "<group>"; };
		D3DB10962C7004FC00AA856C /* ContentView.swift */ = {isa = PBXFileReference; lastKnownFileType = sourcecode.swift; path = ContentView.swift; sourceTree = "<group>"; };
		D3DB10982C7004FE00AA856C /* Assets.xcassets */ = {isa = PBXFileReference; lastKnownFileType = folder.assetcatalog; path = Assets.xcassets; sourceTree = "<group>"; };
		D3DB109B2C7004FE00AA856C /* Preview Assets.xcassets */ = {isa = PBXFileReference; lastKnownFileType = folder.assetcatalog; path = "Preview Assets.xcassets"; sourceTree = "<group>"; };
		D3DB10A12C7004FE00AA856C /* McFitSwiftTests.xctest */ = {isa = PBXFileReference; explicitFileType = wrapper.cfbundle; includeInIndex = 0; path = McFitSwiftTests.xctest; sourceTree = BUILT_PRODUCTS_DIR; };
		D3DB10A52C7004FE00AA856C /* McFitSwiftTests.swift */ = {isa = PBXFileReference; lastKnownFileType = sourcecode.swift; path = McFitSwiftTests.swift; sourceTree = "<group>"; };
		D3DB10AB2C7004FE00AA856C /* McFitSwiftUITests.xctest */ = {isa = PBXFileReference; explicitFileType = wrapper.cfbundle; includeInIndex = 0; path = McFitSwiftUITests.xctest; sourceTree = BUILT_PRODUCTS_DIR; };
		D3DB10AF2C7004FE00AA856C /* McFitSwiftUITests.swift */ = {isa = PBXFileReference; lastKnownFileType = sourcecode.swift; path = McFitSwiftUITests.swift; sourceTree = "<group>"; };
		D3DB10B12C7004FE00AA856C /* McFitSwiftUITestsLaunchTests.swift */ = {isa = PBXFileReference; lastKnownFileType = sourcecode.swift; path = McFitSwiftUITestsLaunchTests.swift; sourceTree = "<group>"; };
/* End PBXFileReference section */

/* Begin PBXFrameworksBuildPhase section */
		D3DB108E2C7004FC00AA856C /* Frameworks */ = {
			isa = PBXFrameworksBuildPhase;
			buildActionMask = 2147483647;
			files = (
			);
			runOnlyForDeploymentPostprocessing = 0;
		};
		D3DB109E2C7004FE00AA856C /* Frameworks */ = {
			isa = PBXFrameworksBuildPhase;
			buildActionMask = 2147483647;
			files = (
			);
			runOnlyForDeploymentPostprocessing = 0;
		};
		D3DB10A82C7004FE00AA856C /* Frameworks */ = {
			isa = PBXFrameworksBuildPhase;
			buildActionMask = 2147483647;
			files = (
			);
			runOnlyForDeploymentPostprocessing = 0;
		};
/* End PBXFrameworksBuildPhase section */

/* Begin PBXGroup section */
		D3DB10882C7004FB00AA856C = {
			isa = PBXGroup;
			children = (
				D3DB10932C7004FC00AA856C /* McFitSwift */,
				D3DB10A42C7004FE00AA856C /* McFitSwiftTests */,
				D3DB10AE2C7004FE00AA856C /* McFitSwiftUITests */,
				D3DB10922C7004FC00AA856C /* Products */,
			);
			sourceTree = "<group>";
		};
		D3DB10922C7004FC00AA856C /* Products */ = {
			isa = PBXGroup;
			children = (
				D3DB10912C7004FC00AA856C /* McFitSwift.app */,
				D3DB10A12C7004FE00AA856C /* McFitSwiftTests.xctest */,
				D3DB10AB2C7004FE00AA856C /* McFitSwiftUITests.xctest */,
			);
			name = Products;
			sourceTree = "<group>";
		};
		D3DB10932C7004FC00AA856C /* McFitSwift */ = {
			isa = PBXGroup;
			children = (
				D3DB10942C7004FC00AA856C /* McFitSwiftApp.swift */,
				D3DB10962C7004FC00AA856C /* ContentView.swift */,
				D3DB10982C7004FE00AA856C /* Assets.xcassets */,
				D3DB109A2C7004FE00AA856C /* Preview Content */,
			);
			path = McFitSwift;
			sourceTree = "<group>";
		};
		D3DB109A2C7004FE00AA856C /* Preview Content */ = {
			isa = PBXGroup;
			children = (
				D3DB109B2C7004FE00AA856C /* Preview Assets.xcassets */,
			);
			path = "Preview Content";
			sourceTree = "<group>";
		};
		D3DB10A42C7004FE00AA856C /* McFitSwiftTests */ = {
			isa = PBXGroup;
			children = (
				D3DB10A52C7004FE00AA856C /* McFitSwiftTests.swift */,
			);
			path = McFitSwiftTests;
			sourceTree = "<group>";
		};
		D3DB10AE2C7004FE00AA856C /* McFitSwiftUITests */ = {
			isa = PBXGroup;
			children = (
				D3DB10AF2C7004FE00AA856C /* McFitSwiftUITests.swift */,
				D3DB10B12C7004FE00AA856C /* McFitSwiftUITestsLaunchTests.swift */,
			);
			path = McFitSwiftUITests;
			sourceTree = "<group>";
		};
/* End PBXGroup section */

/* Begin PBXNativeTarget section */
		D3DB10902C7004FC00AA856C /* McFitSwift */ = {
			isa = PBXNativeTarget;
			buildConfigurationList = D3DB10B52C7004FE00AA856C /* Build configuration list for PBXNativeTarget "McFitSwift" */;
			buildPhases = (
				D3DB108D2C7004FC00AA856C /* Sources */,
				D3DB108E2C7004FC00AA856C /* Frameworks */,
				D3DB108F2C7004FC00AA856C /* Resources */,
			);
			buildRules = (
			);
			dependencies = (
			);
			name = McFitSwift;
			productName = McFitSwift;
			productReference = D3DB10912C7004FC00AA856C /* McFitSwift.app */;
			productType = "com.apple.product-type.application";
		};
		D3DB10A02C7004FE00AA856C /* McFitSwiftTests */ = {
			isa = PBXNativeTarget;
			buildConfigurationList = D3DB10B82C7004FE00AA856C /* Build configuration list for PBXNativeTarget "McFitSwiftTests" */;
			buildPhases = (
				D3DB109D2C7004FE00AA856C /* Sources */,
				D3DB109E2C7004FE00AA856C /* Frameworks */,
				D3DB109F2C7004FE00AA856C /* Resources */,
			);
			buildRules = (
			);
			dependencies = (
				D3DB10A32C7004FE00AA856C /* PBXTargetDependency */,
			);
			name = McFitSwiftTests;
			productName = McFitSwiftTests;
			productReference = D3DB10A12C7004FE00AA856C /* McFitSwiftTests.xctest */;
			productType = "com.apple.product-type.bundle.unit-test";
		};
		D3DB10AA2C7004FE00AA856C /* McFitSwiftUITests */ = {
			isa = PBXNativeTarget;
			buildConfigurationList = D3DB10BB2C7004FE00AA856C /* Build configuration list for PBXNativeTarget "McFitSwiftUITests" */;
			buildPhases = (
				D3DB10A72C7004FE00AA856C /* Sources */,
				D3DB10A82C7004FE00AA856C /* Frameworks */,
				D3DB10A92C7004FE00AA856C /* Resources */,
			);
			buildRules = (
			);
			dependencies = (
				D3DB10AD2C7004FE00AA856C /* PBXTargetDependency */,
			);
			name = McFitSwiftUITests;
			productName = McFitSwiftUITests;
			productReference = D3DB10AB2C7004FE00AA856C /* McFitSwiftUITests.xctest */;
			productType = "com.apple.product-type.bundle.ui-testing";
		};
/* End PBXNativeTarget section */

/* Begin PBXProject section */
		D3DB10892C7004FB00AA856C /* Project object */ = {
			isa = PBXProject;
			attributes = {
				BuildIndependentTargetsInParallel = 1;
				LastSwiftUpdateCheck = 1540;
				LastUpgradeCheck = 1540;
				TargetAttributes = {
					D3DB10902C7004FC00AA856C = {
						CreatedOnToolsVersion = 15.4;
					};
					D3DB10A02C7004FE00AA856C = {
						CreatedOnToolsVersion = 15.4;
						TestTargetID = D3DB10902C7004FC00AA856C;
					};
					D3DB10AA2C7004FE00AA856C = {
						CreatedOnToolsVersion = 15.4;
						TestTargetID = D3DB10902C7004FC00AA856C;
					};
				};
			};
			buildConfigurationList = D3DB108C2C7004FB00AA856C /* Build configuration list for PBXProject "McFitSwift" */;
			compatibilityVersion = "Xcode 14.0";
			developmentRegion = en;
			hasScannedForEncodings = 0;
			knownRegions = (
				en,
				Base,
			);
			mainGroup = D3DB10882C7004FB00AA856C;
			productRefGroup = D3DB10922C7004FC00AA856C /* Products */;
			projectDirPath = "";
			projectRoot = "";
			targets = (
				D3DB10902C7004FC00AA856C /* McFitSwift */,
				D3DB10A02C7004FE00AA856C /* McFitSwiftTests */,
				D3DB10AA2C7004FE00AA856C /* McFitSwiftUITests */,
			);
		};
/* End PBXProject section */

/* Begin PBXResourcesBuildPhase section */
		D3DB108F2C7004FC00AA856C /* Resources */ = {
			isa = PBXResourcesBuildPhase;
			buildActionMask = 2147483647;
			files = (
				D3DB109C2C7004FE00AA856C /* Preview Assets.xcassets in Resources */,
				D3DB10992C7004FE00AA856C /* Assets.xcassets in Resources */,
			);
			runOnlyForDeploymentPostprocessing = 0;
		};
		D3DB109F2C7004FE00AA856C /* Resources */ = {
			isa = PBXResourcesBuildPhase;
			buildActionMask = 2147483647;
			files = (
			);
			runOnlyForDeploymentPostprocessing = 0;
		};
		D3DB10A92C7004FE00AA856C /* Resources */ = {
			isa = PBXResourcesBuildPhase;
			buildActionMask = 2147483647;
			files = (
			);
			runOnlyForDeploymentPostprocessing = 0;
		};
/* End PBXResourcesBuildPhase section */

/* Begin PBXSourcesBuildPhase section */
		D3DB108D2C7004FC00AA856C /* Sources */ = {
			isa = PBXSourcesBuildPhase;
			buildActionMask = 2147483647;
			files = (
				D3DB10972C7004FC00AA856C /* ContentView.swift in Sources */,
				D3DB10952C7004FC00AA856C /* McFitSwiftApp.swift in Sources */,
			);
			runOnlyForDeploymentPostprocessing = 0;
		};
		D3DB109D2C7004FE00AA856C /* Sources */ = {
			isa = PBXSourcesBuildPhase;
			buildActionMask = 2147483647;
			files = (
				D3DB10A62C7004FE00AA856C /* McFitSwiftTests.swift in Sources */,
			);
			runOnlyForDeploymentPostprocessing = 0;
		};
		D3DB10A72C7004FE00AA856C /* Sources */ = {
			isa = PBXSourcesBuildPhase;
			buildActionMask = 2147483647;
			files = (
				D3DB10B22C7004FE00AA856C /* McFitSwiftUITestsLaunchTests.swift in Sources */,
				D3DB10B02C7004FE00AA856C /* McFitSwiftUITests.swift in Sources */,
			);
			runOnlyForDeploymentPostprocessing = 0;
		};
/* End PBXSourcesBuildPhase section */

/* Begin PBXTargetDependency section */
		D3DB10A32C7004FE00AA856C /* PBXTargetDependency */ = {
			isa = PBXTargetDependency;
			target = D3DB10902C7004FC00AA856C /* McFitSwift */;
			targetProxy = D3DB10A22C7004FE00AA856C /* PBXContainerItemProxy */;
		};
		D3DB10AD2C7004FE00AA856C /* PBXTargetDependency */ = {
			isa = PBXTargetDependency;
			target = D3DB10902C7004FC00AA856C /* McFitSwift */;
			targetProxy = D3DB10AC2C7004FE00AA856C /* PBXContainerItemProxy */;
		};
/* End PBXTargetDependency section */

/* Begin XCBuildConfiguration section */
		D3DB10B32C7004FE00AA856C /* Debug */ = {
			isa = XCBuildConfiguration;
			buildSettings = {
				ALWAYS_SEARCH_USER_PATHS = NO;
				ASSETCATALOG_COMPILER_GENERATE_SWIFT_ASSET_SYMBOL_EXTENSIONS = YES;
				CLANG_ANALYZER_NONNULL = YES;
				CLANG_ANALYZER_NUMBER_OBJECT_CONVERSION = YES_AGGRESSIVE;
				CLANG_CXX_LANGUAGE_STANDARD = "gnu++20";
				CLANG_ENABLE_MODULES = YES;
				CLANG_ENABLE_OBJC_ARC = YES;
				CLANG_ENABLE_OBJC_WEAK = YES;
				CLANG_WARN_BLOCK_CAPTURE_AUTORELEASING = YES;
				CLANG_WARN_BOOL_CONVERSION = YES;
				CLANG_WARN_COMMA = YES;
				CLANG_WARN_CONSTANT_CONVERSION = YES;
				CLANG_WARN_DEPRECATED_OBJC_IMPLEMENTATIONS = YES;
				CLANG_WARN_DIRECT_OBJC_ISA_USAGE = YES_ERROR;
				CLANG_WARN_DOCUMENTATION_COMMENTS = YES;
				CLANG_WARN_EMPTY_BODY = YES;
				CLANG_WARN_ENUM_CONVERSION = YES;
				CLANG_WARN_INFINITE_RECURSION = YES;
				CLANG_WARN_INT_CONVERSION = YES;
				CLANG_WARN_NON_LITERAL_NULL_CONVERSION = YES;
				CLANG_WARN_OBJC_IMPLICIT_RETAIN_SELF = YES;
				CLANG_WARN_OBJC_LITERAL_CONVERSION = YES;
				CLANG_WARN_OBJC_ROOT_CLASS = YES_ERROR;
				CLANG_WARN_QUOTED_INCLUDE_IN_FRAMEWORK_HEADER = YES;
				CLANG_WARN_RANGE_LOOP_ANALYSIS = YES;
				CLANG_WARN_STRICT_PROTOTYPES = YES;
				CLANG_WARN_SUSPICIOUS_MOVE = YES;
				CLANG_WARN_UNGUARDED_AVAILABILITY = YES_AGGRESSIVE;
				CLANG_WARN_UNREACHABLE_CODE = YES;
				CLANG_WARN__DUPLICATE_METHOD_MATCH = YES;
				COPY_PHASE_STRIP = NO;
				DEBUG_INFORMATION_FORMAT = dwarf;
				ENABLE_STRICT_OBJC_MSGSEND = YES;
				ENABLE_TESTABILITY = YES;
				ENABLE_USER_SCRIPT_SANDBOXING = YES;
				GCC_C_LANGUAGE_STANDARD = gnu17;
				GCC_DYNAMIC_NO_PIC = NO;
				GCC_NO_COMMON_BLOCKS = YES;
				GCC_OPTIMIZATION_LEVEL = 0;
				GCC_PREPROCESSOR_DEFINITIONS = (
					"DEBUG=1",
					"$(inherited)",
				);
				GCC_WARN_64_TO_32_BIT_CONVERSION = YES;
				GCC_WARN_ABOUT_RETURN_TYPE = YES_ERROR;
				GCC_WARN_UNDECLARED_SELECTOR = YES;
				GCC_WARN_UNINITIALIZED_AUTOS = YES_AGGRESSIVE;
				GCC_WARN_UNUSED_FUNCTION = YES;
				GCC_WARN_UNUSED_VARIABLE = YES;
				IPHONEOS_DEPLOYMENT_TARGET = 17.5;
				LOCALIZATION_PREFERS_STRING_CATALOGS = YES;
				MTL_ENABLE_DEBUG_INFO = INCLUDE_SOURCE;
				MTL_FAST_MATH = YES;
				ONLY_ACTIVE_ARCH = YES;
				SDKROOT = iphoneos;
				SWIFT_ACTIVE_COMPILATION_CONDITIONS = "DEBUG $(inherited)";
				SWIFT_OPTIMIZATION_LEVEL = "-Onone";
			};
			name = Debug;
		};
		D3DB10B42C7004FE00AA856C /* Release */ = {
			isa = XCBuildConfiguration;
			buildSettings = {
				ALWAYS_SEARCH_USER_PATHS = NO;
				ASSETCATALOG_COMPILER_GENERATE_SWIFT_ASSET_SYMBOL_EXTENSIONS = YES;
				CLANG_ANALYZER_NONNULL = YES;
				CLANG_ANALYZER_NUMBER_OBJECT_CONVERSION = YES_AGGRESSIVE;
				CLANG_CXX_LANGUAGE_STANDARD = "gnu++20";
				CLANG_ENABLE_MODULES = YES;
				CLANG_ENABLE_OBJC_ARC = YES;
				CLANG_ENABLE_OBJC_WEAK = YES;
				CLANG_WARN_BLOCK_CAPTURE_AUTORELEASING = YES;
				CLANG_WARN_BOOL_CONVERSION = YES;
				CLANG_WARN_COMMA = YES;
				CLANG_WARN_CONSTANT_CONVERSION = YES;
				CLANG_WARN_DEPRECATED_OBJC_IMPLEMENTATIONS = YES;
				CLANG_WARN_DIRECT_OBJC_ISA_USAGE = YES_ERROR;
				CLANG_WARN_DOCUMENTATION_COMMENTS = YES;
				CLANG_WARN_EMPTY_BODY = YES;
				CLANG_WARN_ENUM_CONVERSION = YES;
				CLANG_WARN_INFINITE_RECURSION = YES;
				CLANG_WARN_INT_CONVERSION = YES;
				CLANG_WARN_NON_LITERAL_NULL_CONVERSION = YES;
				CLANG_WARN_OBJC_IMPLICIT_RETAIN_SELF = YES;
				CLANG_WARN_OBJC_LITERAL_CONVERSION = YES;
				CLANG_WARN_OBJC_ROOT_CLASS = YES_ERROR;
				CLANG_WARN_QUOTED_INCLUDE_IN_FRAMEWORK_HEADER = YES;
				CLANG_WARN_RANGE_LOOP_ANALYSIS = YES;
				CLANG_WARN_STRICT_PROTOTYPES = YES;
				CLANG_WARN_SUSPICIOUS_MOVE = YES;
				CLANG_WARN_UNGUARDED_AVAILABILITY = YES_AGGRESSIVE;
				CLANG_WARN_UNREACHABLE_CODE = YES;
				CLANG_WARN__DUPLICATE_METHOD_MATCH = YES;
				COPY_PHASE_STRIP = NO;
				DEBUG_INFORMATION_FORMAT = "dwarf-with-dsym";
				ENABLE_NS_ASSERTIONS = NO;
				ENABLE_STRICT_OBJC_MSGSEND = YES;
				ENABLE_USER_SCRIPT_SANDBOXING = YES;
				GCC_C_LANGUAGE_STANDARD = gnu17;
				GCC_NO_COMMON_BLOCKS = YES;
				GCC_WARN_64_TO_32_BIT_CONVERSION = YES;
				GCC_WARN_ABOUT_RETURN_TYPE = YES_ERROR;
				GCC_WARN_UNDECLARED_SELECTOR = YES;
				GCC_WARN_UNINITIALIZED_AUTOS = YES_AGGRESSIVE;
				GCC_WARN_UNUSED_FUNCTION = YES;
				GCC_WARN_UNUSED_VARIABLE = YES;
				IPHONEOS_DEPLOYMENT_TARGET = 17.5;
				LOCALIZATION_PREFERS_STRING_CATALOGS = YES;
				MTL_ENABLE_DEBUG_INFO = NO;
				MTL_FAST_MATH = YES;
				SDKROOT = iphoneos;
				SWIFT_COMPILATION_MODE = wholemodule;
				VALIDATE_PRODUCT = YES;
			};
			name = Release;
		};
		D3DB10B62C7004FE00AA856C /* Debug */ = {
			isa = XCBuildConfiguration;
			buildSettings = {
				ASSETCATALOG_COMPILER_APPICON_NAME = AppIcon;
				ASSETCATALOG_COMPILER_GLOBAL_ACCENT_COLOR_NAME = AccentColor;
				CODE_SIGN_STYLE = Automatic;
				CURRENT_PROJECT_VERSION = 1;
				DEVELOPMENT_ASSET_PATHS = "\"McFitSwift/Preview Content\"";
				DEVELOPMENT_TEAM = Q4ND4YLJNG;
				ENABLE_PREVIEWS = YES;
				GENERATE_INFOPLIST_FILE = YES;
				INFOPLIST_KEY_UIApplicationSceneManifest_Generation = YES;
				INFOPLIST_KEY_UIApplicationSupportsIndirectInputEvents = YES;
				INFOPLIST_KEY_UILaunchScreen_Generation = YES;
				INFOPLIST_KEY_UISupportedInterfaceOrientations_iPad = "UIInterfaceOrientationPortrait UIInterfaceOrientationPortraitUpsideDown UIInterfaceOrientationLandscapeLeft UIInterfaceOrientationLandscapeRight";
				INFOPLIST_KEY_UISupportedInterfaceOrientations_iPhone = "UIInterfaceOrientationPortrait UIInterfaceOrientationLandscapeLeft UIInterfaceOrientationLandscapeRight";
				LD_RUNPATH_SEARCH_PATHS = (
					"$(inherited)",
					"@executable_path/Frameworks",
				);
				MARKETING_VERSION = 1.0;
				PRODUCT_BUNDLE_IDENTIFIER = com.shum.McFitSwift;
				PRODUCT_NAME = "$(TARGET_NAME)";
				SWIFT_EMIT_LOC_STRINGS = YES;
				SWIFT_VERSION = 5.0;
				TARGETED_DEVICE_FAMILY = "1,2";
			};
			name = Debug;
		};
		D3DB10B72C7004FE00AA856C /* Release */ = {
			isa = XCBuildConfiguration;
			buildSettings = {
				ASSETCATALOG_COMPILER_APPICON_NAME = AppIcon;
				ASSETCATALOG_COMPILER_GLOBAL_ACCENT_COLOR_NAME = AccentColor;
				CODE_SIGN_STYLE = Automatic;
				CURRENT_PROJECT_VERSION = 1;
				DEVELOPMENT_ASSET_PATHS = "\"McFitSwift/Preview Content\"";
				DEVELOPMENT_TEAM = Q4ND4YLJNG;
				ENABLE_PREVIEWS = YES;
				GENERATE_INFOPLIST_FILE = YES;
				INFOPLIST_KEY_UIApplicationSceneManifest_Generation = YES;
				INFOPLIST_KEY_UIApplicationSupportsIndirectInputEvents = YES;
				INFOPLIST_KEY_UILaunchScreen_Generation = YES;
				INFOPLIST_KEY_UISupportedInterfaceOrientations_iPad = "UIInterfaceOrientationPortrait UIInterfaceOrientationPortraitUpsideDown UIInterfaceOrientationLandscapeLeft UIInterfaceOrientationLandscapeRight";
				INFOPLIST_KEY_UISupportedInterfaceOrientations_iPhone = "UIInterfaceOrientationPortrait UIInterfaceOrientationLandscapeLeft UIInterfaceOrientationLandscapeRight";
				LD_RUNPATH_SEARCH_PATHS = (
					"$(inherited)",
					"@executable_path/Frameworks",
				);
				MARKETING_VERSION = 1.0;
				PRODUCT_BUNDLE_IDENTIFIER = com.shum.McFitSwift;
				PRODUCT_NAME = "$(TARGET_NAME)";
				SWIFT_EMIT_LOC_STRINGS = YES;
				SWIFT_VERSION = 5.0;
				TARGETED_DEVICE_FAMILY = "1,2";
			};
			name = Release;
		};
		D3DB10B92C7004FE00AA856C /* Debug */ = {
			isa = XCBuildConfiguration;
			buildSettings = {
				ALWAYS_EMBED_SWIFT_STANDARD_LIBRARIES = YES;
				BUNDLE_LOADER = "$(TEST_HOST)";
				CODE_SIGN_STYLE = Automatic;
				CURRENT_PROJECT_VERSION = 1;
				DEVELOPMENT_TEAM = Q4ND4YLJNG;
				GENERATE_INFOPLIST_FILE = YES;
				IPHONEOS_DEPLOYMENT_TARGET = 17.5;
				MARKETING_VERSION = 1.0;
				PRODUCT_BUNDLE_IDENTIFIER = com.shum.McFitSwiftTests;
				PRODUCT_NAME = "$(TARGET_NAME)";
				SWIFT_EMIT_LOC_STRINGS = NO;
				SWIFT_VERSION = 5.0;
				TARGETED_DEVICE_FAMILY = "1,2";
				TEST_HOST = "$(BUILT_PRODUCTS_DIR)/McFitSwift.app/$(BUNDLE_EXECUTABLE_FOLDER_PATH)/McFitSwift";
			};
			name = Debug;
		};
		D3DB10BA2C7004FE00AA856C /* Release */ = {
			isa = XCBuildConfiguration;
			buildSettings = {
				ALWAYS_EMBED_SWIFT_STANDARD_LIBRARIES = YES;
				BUNDLE_LOADER = "$(TEST_HOST)";
				CODE_SIGN_STYLE = Automatic;
				CURRENT_PROJECT_VERSION = 1;
				DEVELOPMENT_TEAM = Q4ND4YLJNG;
				GENERATE_INFOPLIST_FILE = YES;
				IPHONEOS_DEPLOYMENT_TARGET = 17.5;
				MARKETING_VERSION = 1.0;
				PRODUCT_BUNDLE_IDENTIFIER = com.shum.McFitSwiftTests;
				PRODUCT_NAME = "$(TARGET_NAME)";
				SWIFT_EMIT_LOC_STRINGS = NO;
				SWIFT_VERSION = 5.0;
				TARGETED_DEVICE_FAMILY = "1,2";
				TEST_HOST = "$(BUILT_PRODUCTS_DIR)/McFitSwift.app/$(BUNDLE_EXECUTABLE_FOLDER_PATH)/McFitSwift";
			};
			name = Release;
		};
		D3DB10BC2C7004FE00AA856C /* Debug */ = {
			isa = XCBuildConfiguration;
			buildSettings = {
				ALWAYS_EMBED_SWIFT_STANDARD_LIBRARIES = YES;
				CODE_SIGN_STYLE = Automatic;
				CURRENT_PROJECT_VERSION = 1;
				DEVELOPMENT_TEAM = Q4ND4YLJNG;
				GENERATE_INFOPLIST_FILE = YES;
				MARKETING_VERSION = 1.0;
				PRODUCT_BUNDLE_IDENTIFIER = com.shum.McFitSwiftUITests;
				PRODUCT_NAME = "$(TARGET_NAME)";
				SWIFT_EMIT_LOC_STRINGS = NO;
				SWIFT_VERSION = 5.0;
				TARGETED_DEVICE_FAMILY = "1,2";
				TEST_TARGET_NAME = McFitSwift;
			};
			name = Debug;
		};
		D3DB10BD2C7004FE00AA856C /* Release */ = {
			isa = XCBuildConfiguration;
			buildSettings = {
				ALWAYS_EMBED_SWIFT_STANDARD_LIBRARIES = YES;
				CODE_SIGN_STYLE = Automatic;
				CURRENT_PROJECT_VERSION = 1;
				DEVELOPMENT_TEAM = Q4ND4YLJNG;
				GENERATE_INFOPLIST_FILE = YES;
				MARKETING_VERSION = 1.0;
				PRODUCT_BUNDLE_IDENTIFIER = com.shum.McFitSwiftUITests;
				PRODUCT_NAME = "$(TARGET_NAME)";
				SWIFT_EMIT_LOC_STRINGS = NO;
				SWIFT_VERSION = 5.0;
				TARGETED_DEVICE_FAMILY = "1,2";
				TEST_TARGET_NAME = McFitSwift;
			};
			name = Release;
		};
/* End XCBuildConfiguration section */

/* Begin XCConfigurationList section */
		D3DB108C2C7004FB00AA856C /* Build configuration list for PBXProject "McFitSwift" */ = {
			isa = XCConfigurationList;
			buildConfigurations = (
				D3DB10B32C7004FE00AA856C /* Debug */,
				D3DB10B42C7004FE00AA856C /* Release */,
			);
			defaultConfigurationIsVisible = 0;
			defaultConfigurationName = Release;
		};
		D3DB10B52C7004FE00AA856C /* Build configuration list for PBXNativeTarget "McFitSwift" */ = {
			isa = XCConfigurationList;
			buildConfigurations = (
				D3DB10B62C7004FE00AA856C /* Debug */,
				D3DB10B72C7004FE00AA856C /* Release */,
			);
			defaultConfigurationIsVisible = 0;
			defaultConfigurationName = Release;
		};
		D3DB10B82C7004FE00AA856C /* Build configuration list for PBXNativeTarget "McFitSwiftTests" */ = {
			isa = XCConfigurationList;
			buildConfigurations = (
				D3DB10B92C7004FE00AA856C /* Debug */,
				D3DB10BA2C7004FE00AA856C /* Release */,
			);
			defaultConfigurationIsVisible = 0;
			defaultConfigurationName = Release;
		};
		D3DB10BB2C7004FE00AA856C /* Build configuration list for PBXNativeTarget "McFitSwiftUITests" */ = {
			isa = XCConfigurationList;
			buildConfigurations = (
				D3DB10BC2C7004FE00AA856C /* Debug */,
				D3DB10BD2C7004FE00AA856C /* Release */,
			);
			defaultConfigurationIsVisible = 0;
			defaultConfigurationName = Release;
		};
/* End XCConfigurationList section */
	};
	rootObject = D3DB10892C7004FB00AA856C /* Project object */;
}
